
Microsoft Visual Studio Solution File, Format Version 12.00
# Visual Studio 15
VisualStudioVersion = 15.0.27428.1
MinimumVisualStudioVersion = 10.0.40219.1
Project("{FAE04EC0-301F-11D3-BF4B-00C04F79EFBC}") = "BDD1", "BDD1\BDD1.csproj", "{D1E80406-B71C-4E92-BB2A-08551D45348B}"
EndProject
Global
	GlobalSection(SolutionConfigurationPlatforms) = preSolution
		Debug|Any CPU = Debug|Any CPU
		Release|Any CPU = Release|Any CPU
	EndGlobalSection
	GlobalSection(ProjectConfigurationPlatforms) = postSolution
		{D1E80406-B71C-4E92-BB2A-08551D45348B}.Debug|Any CPU.ActiveCfg = Debug|Any CPU
		{D1E80406-B71C-4E92-BB2A-08551D45348B}.Debug|Any CPU.Build.0 = Debug|Any CPU
		{D1E80406-B71C-4E92-BB2A-08551D45348B}.Release|Any CPU.ActiveCfg = Release|Any CPU
		{D1E80406-B71C-4E92-BB2A-08551D45348B}.Release|Any CPU.Build.0 = Release|Any CPU
	EndGlobalSection
	GlobalSection(SolutionProperties) = preSolution
		HideSolutionNode = FALSE
	EndGlobalSection
	GlobalSection(ExtensibilityGlobals) = postSolution
		SolutionGuid = {94F141C3-7E81-41DC-83FA-AB1E752ECF56}
	EndGlobalSection
EndGlobal
